
Microsoft Visual Studio Solution File, Format Version 12.00
# Visual Studio Version 17
VisualStudioVersion = 17.5.33627.172
MinimumVisualStudioVersion = 10.0.40219.1
Project("{FAE04EC0-301F-11D3-BF4B-00C04F79EFBC}") = "Momo", "Momo\Momo.csproj", "{8F2B6B8E-1595-4D51-86C8-B95D8B89F07A}"
EndProject
Global
	GlobalSection(SolutionConfigurationPlatforms) = preSolution
		Debug|Any CPU = Debug|Any CPU
		Release|Any CPU = Release|Any CPU
	EndGlobalSection
	GlobalSection(ProjectConfigurationPlatforms) = postSolution
		{8F2B6B8E-1595-4D51-86C8-B95D8B89F07A}.Debug|Any CPU.ActiveCfg = Debug|Any CPU
		{8F2B6B8E-1595-4D51-86C8-B95D8B89F07A}.Debug|Any CPU.Build.0 = Debug|Any CPU
		{8F2B6B8E-1595-4D51-86C8-B95D8B89F07A}.Release|Any CPU.ActiveCfg = Release|Any CPU
		{8F2B6B8E-1595-4D51-86C8-B95D8B89F07A}.Release|Any CPU.Build.0 = Release|Any CPU
	EndGlobalSection
	GlobalSection(SolutionProperties) = preSolution
		HideSolutionNode = FALSE
	EndGlobalSection
	GlobalSection(ExtensibilityGlobals) = postSolution
		SolutionGuid = {F650E679-DED0-4B39-A5F3-A05F20BB4AFF}
	EndGlobalSection
EndGlobal
